
Microsoft Visual Studio Solution File, Format Version 12.00
# Visual Studio Version 17
VisualStudioVersion = 17.3.32804.467
MinimumVisualStudioVersion = 10.0.40219.1
Project("{FAE04EC0-301F-11D3-BF4B-00C04F79EFBC}") = "SocialNetwork.API", "SocialNetwork.API\SocialNetwork.API.csproj", "{0684A76A-94B5-4688-906D-765CF9D6DB4B}"
EndProject
Project("{FAE04EC0-301F-11D3-BF4B-00C04F79EFBC}") = "SocialNetwork.DataAccess", "SocialNetwork.DataAccess\SocialNetwork.DataAccess.csproj", "{EF77FD07-A467-4A23-A357-7173014B7E93}"
EndProject
Project("{FAE04EC0-301F-11D3-BF4B-00C04F79EFBC}") = "SocialNetwork.Models", "SocialNetwork.Models\SocialNetwork.Models.csproj", "{33088D01-3E8C-4BB0-B4B6-70B1A811CCD7}"
EndProject
Project("{FAE04EC0-301F-11D3-BF4B-00C04F79EFBC}") = "SocialNetwork.Shared", "SocialNetwork.Shared\SocialNetwork.Shared.csproj", "{96021BFD-2D6B-4612-9E0C-6B46AA965A76}"
EndProject
Project("{FAE04EC0-301F-11D3-BF4B-00C04F79EFBC}") = "SocialNetwork.Services", "SocialNetwork.Services\SocialNetwork.Services.csproj", "{43D1E8AF-21E7-4AC9-9193-7751E192518C}"
EndProject
Global
	GlobalSection(SolutionConfigurationPlatforms) = preSolution
		Debug|Any CPU = Debug|Any CPU
		Release|Any CPU = Release|Any CPU
	EndGlobalSection
	GlobalSection(ProjectConfigurationPlatforms) = postSolution
		{0684A76A-94B5-4688-906D-765CF9D6DB4B}.Debug|Any CPU.ActiveCfg = Debug|Any CPU
		{0684A76A-94B5-4688-906D-765CF9D6DB4B}.Debug|Any CPU.Build.0 = Debug|Any CPU
		{0684A76A-94B5-4688-906D-765CF9D6DB4B}.Release|Any CPU.ActiveCfg = Release|Any CPU
		{0684A76A-94B5-4688-906D-765CF9D6DB4B}.Release|Any CPU.Build.0 = Release|Any CPU
		{EF77FD07-A467-4A23-A357-7173014B7E93}.Debug|Any CPU.ActiveCfg = Debug|Any CPU
		{EF77FD07-A467-4A23-A357-7173014B7E93}.Debug|Any CPU.Build.0 = Debug|Any CPU
		{EF77FD07-A467-4A23-A357-7173014B7E93}.Release|Any CPU.ActiveCfg = Release|Any CPU
		{EF77FD07-A467-4A23-A357-7173014B7E93}.Release|Any CPU.Build.0 = Release|Any CPU
		{33088D01-3E8C-4BB0-B4B6-70B1A811CCD7}.Debug|Any CPU.ActiveCfg = Debug|Any CPU
		{33088D01-3E8C-4BB0-B4B6-70B1A811CCD7}.Debug|Any CPU.Build.0 = Debug|Any CPU
		{33088D01-3E8C-4BB0-B4B6-70B1A811CCD7}.Release|Any CPU.ActiveCfg = Release|Any CPU
		{33088D01-3E8C-4BB0-B4B6-70B1A811CCD7}.Release|Any CPU.Build.0 = Release|Any CPU
		{96021BFD-2D6B-4612-9E0C-6B46AA965A76}.Debug|Any CPU.ActiveCfg = Debug|Any CPU
		{96021BFD-2D6B-4612-9E0C-6B46AA965A76}.Debug|Any CPU.Build.0 = Debug|Any CPU
		{96021BFD-2D6B-4612-9E0C-6B46AA965A76}.Release|Any CPU.ActiveCfg = Release|Any CPU
		{96021BFD-2D6B-4612-9E0C-6B46AA965A76}.Release|Any CPU.Build.0 = Release|Any CPU
		{43D1E8AF-21E7-4AC9-9193-7751E192518C}.Debug|Any CPU.ActiveCfg = Debug|Any CPU
		{43D1E8AF-21E7-4AC9-9193-7751E192518C}.Debug|Any CPU.Build.0 = Debug|Any CPU
		{43D1E8AF-21E7-4AC9-9193-7751E192518C}.Release|Any CPU.ActiveCfg = Release|Any CPU
		{43D1E8AF-21E7-4AC9-9193-7751E192518C}.Release|Any CPU.Build.0 = Release|Any CPU
	EndGlobalSection
	GlobalSection(SolutionProperties) = preSolution
		HideSolutionNode = FALSE
	EndGlobalSection
	GlobalSection(ExtensibilityGlobals) = postSolution
		SolutionGuid = {21B0FF0C-81A3-4F4E-997D-DBD9560E9882}
	EndGlobalSection
EndGlobal
